
Microsoft Visual Studio Solution File, Format Version 12.00
# Visual Studio Version 17
VisualStudioVersion = 17.11.35222.181
MinimumVisualStudioVersion = 10.0.40219.1
Project("{FAE04EC0-301F-11D3-BF4B-00C04F79EFBC}") = "ConsoleApp23", "ConsoleApp23\ConsoleApp23.csproj", "{DEEE3C8F-2409-47E3-AEDD-10CDB2EC2CA2}"
EndProject
Global
	GlobalSection(SolutionConfigurationPlatforms) = preSolution
		Debug|Any CPU = Debug|Any CPU
		Release|Any CPU = Release|Any CPU
	EndGlobalSection
	GlobalSection(ProjectConfigurationPlatforms) = postSolution
		{DEEE3C8F-2409-47E3-AEDD-10CDB2EC2CA2}.Debug|Any CPU.ActiveCfg = Debug|Any CPU
		{DEEE3C8F-2409-47E3-AEDD-10CDB2EC2CA2}.Debug|Any CPU.Build.0 = Debug|Any CPU
		{DEEE3C8F-2409-47E3-AEDD-10CDB2EC2CA2}.Release|Any CPU.ActiveCfg = Release|Any CPU
		{DEEE3C8F-2409-47E3-AEDD-10CDB2EC2CA2}.Release|Any CPU.Build.0 = Release|Any CPU
	EndGlobalSection
	GlobalSection(SolutionProperties) = preSolution
		HideSolutionNode = FALSE
	EndGlobalSection
	GlobalSection(ExtensibilityGlobals) = postSolution
		SolutionGuid = {697DFAD3-4068-4D98-BED5-56817EA3A068}
	EndGlobalSection
EndGlobal
